// !$*UTF8*$!
{
	archiveVersion = 1;
	classes = {
	};
	objectVersion = 50;
	objects = {

/* Begin PBXBuildFile section */
		06B5A99E24324A5A00DDCB4A /* GLUT.framework in Frameworks */ = {isa = PBXBuildFile; fileRef = 06B5A99D24324A5A00DDCB4A /* GLUT.framework */; };
		06B5A9A024324A6100DDCB4A /* OpenGL.framework in Frameworks */ = {isa = PBXBuildFile; fileRef = 06B5A99F24324A6100DDCB4A /* OpenGL.framework */; };
		06B5A9A424324A8400DDCB4A /* framework.cp in Sources */ = {isa = PBXBuildFile; fileRef = 06B5A9A324324A8400DDCB4A /* framework.cp */; };
		06B5A9A724324A9000DDCB4A /* Skeleton.cp in Sources */ = {isa = PBXBuildFile; fileRef = 06B5A9A624324A9000DDCB4A /* Skeleton.cp */; };
/* End PBXBuildFile section */

/* Begin PBXCopyFilesBuildPhase section */
		06B5A99024324A4B00DDCB4A /* CopyFiles */ = {
			isa = PBXCopyFilesBuildPhase;
			buildActionMask = 2147483647;
			dstPath = /usr/share/man/man1/;
			dstSubfolderSpec = 0;
			files = (
			);
			runOnlyForDeploymentPostprocessing = 1;
		};
/* End PBXCopyFilesBuildPhase section */

/* Begin PBXFileReference section */
		06B5A99224324A4B00DDCB4A /* grafika_2020_hf1 */ = {isa = PBXFileReference; explicitFileType = "compiled.mach-o.executable"; includeInIndex = 0; path = grafika_2020_hf1; sourceTree = BUILT_PRODUCTS_DIR; };
		06B5A99D24324A5A00DDCB4A /* GLUT.framework */ = {isa = PBXFileReference; lastKnownFileType = wrapper.framework; name = GLUT.framework; path = System/Library/Frameworks/GLUT.framework; sourceTree = SDKROOT; };
		06B5A99F24324A6100DDCB4A /* OpenGL.framework */ = {isa = PBXFileReference; lastKnownFileType = wrapper.framework; name = OpenGL.framework; path = System/Library/Frameworks/OpenGL.framework; sourceTree = SDKROOT; };
		06B5A9A324324A8400DDCB4A /* framework.cp */ = {isa = PBXFileReference; fileEncoding = 4; lastKnownFileType = sourcecode.cpp.cpp; path = framework.cp; sourceTree = "<group>"; };
		06B5A9A524324A8B00DDCB4A /* framework.h */ = {isa = PBXFileReference; lastKnownFileType = sourcecode.c.h; path = framework.h; sourceTree = "<group>"; };
		06B5A9A624324A9000DDCB4A /* Skeleton.cp */ = {isa = PBXFileReference; fileEncoding = 4; lastKnownFileType = sourcecode.cpp.cpp; path = Skeleton.cp; sourceTree = "<group>"; };
/* End PBXFileReference section */

/* Begin PBXFrameworksBuildPhase section */
		06B5A98F24324A4B00DDCB4A /* Frameworks */ = {
			isa = PBXFrameworksBuildPhase;
			buildActionMask = 2147483647;
			files = (
				06B5A99E24324A5A00DDCB4A /* GLUT.framework in Frameworks */,
				06B5A9A024324A6100DDCB4A /* OpenGL.framework in Frameworks */,
			);
			runOnlyForDeploymentPostprocessing = 0;
		};
/* End PBXFrameworksBuildPhase section */

/* Begin PBXGroup section */
		06B5A98924324A4B00DDCB4A = {
			isa = PBXGroup;
			children = (
				06B5A99424324A4B00DDCB4A /* grafika_2020_hf1 */,
				06B5A99324324A4B00DDCB4A /* Products */,
				06B5A99C24324A5A00DDCB4A /* Frameworks */,
			);
			sourceTree = "<group>";
		};
		06B5A99324324A4B00DDCB4A /* Products */ = {
			isa = PBXGroup;
			children = (
				06B5A99224324A4B00DDCB4A /* grafika_2020_hf1 */,
			);
			name = Products;
			sourceTree = "<group>";
		};
		06B5A99424324A4B00DDCB4A /* grafika_2020_hf1 */ = {
			isa = PBXGroup;
			children = (
				06B5A9A624324A9000DDCB4A /* Skeleton.cp */,
				06B5A9A524324A8B00DDCB4A /* framework.h */,
				06B5A9A324324A8400DDCB4A /* framework.cp */,
			);
			path = grafika_2020_hf1;
			sourceTree = "<group>";
		};
		06B5A99C24324A5A00DDCB4A /* Frameworks */ = {
			isa = PBXGroup;
			children = (
				06B5A99F24324A6100DDCB4A /* OpenGL.framework */,
				06B5A99D24324A5A00DDCB4A /* GLUT.framework */,
			);
			name = Frameworks;
			sourceTree = "<group>";
		};
/* End PBXGroup section */

/* Begin PBXNativeTarget section */
		06B5A99124324A4B00DDCB4A /* grafika_2020_hf1 */ = {
			isa = PBXNativeTarget;
			buildConfigurationList = 06B5A99924324A4B00DDCB4A /* Build configuration list for PBXNativeTarget "grafika_2020_hf1" */;
			buildPhases = (
				06B5A98E24324A4B00DDCB4A /* Sources */,
				06B5A98F24324A4B00DDCB4A /* Frameworks */,
				06B5A99024324A4B00DDCB4A /* CopyFiles */,
			);
			buildRules = (
			);
			dependencies = (
			);
			name = grafika_2020_hf1;
			productName = grafika_2020_hf1;
			productReference = 06B5A99224324A4B00DDCB4A /* grafika_2020_hf1 */;
			productType = "com.apple.product-type.tool";
		};
/* End PBXNativeTarget section */

/* Begin PBXProject section */
		06B5A98A24324A4B00DDCB4A /* Project object */ = {
			isa = PBXProject;
			attributes = {
				LastUpgradeCheck = 1130;
				ORGANIZATIONNAME = "Ádám Atyi";
				TargetAttributes = {
					06B5A99124324A4B00DDCB4A = {
						CreatedOnToolsVersion = 11.3.1;
					};
				};
			};
			buildConfigurationList = 06B5A98D24324A4B00DDCB4A /* Build configuration list for PBXProject "grafika_2020_hf1" */;
			compatibilityVersion = "Xcode 9.3";
			developmentRegion = en;
			hasScannedForEncodings = 0;
			knownRegions = (
				en,
				Base,
			);
			mainGroup = 06B5A98924324A4B00DDCB4A;
			productRefGroup = 06B5A99324324A4B00DDCB4A /* Products */;
			projectDirPath = "";
			projectRoot = "";
			targets = (
				06B5A99124324A4B00DDCB4A /* grafika_2020_hf1 */,
			);
		};
/* End PBXProject section */

/* Begin PBXSourcesBuildPhase section */
		06B5A98E24324A4B00DDCB4A /* Sources */ = {
			isa = PBXSourcesBuildPhase;
			buildActionMask = 2147483647;
			files = (
				06B5A9A424324A8400DDCB4A /* framework.cp in Sources */,
				06B5A9A724324A9000DDCB4A /* Skeleton.cp in Sources */,
			);
			runOnlyForDeploymentPostprocessing = 0;
		};
/* End PBXSourcesBuildPhase section */

/* Begin XCBuildConfiguration section */
		06B5A99724324A4B00DDCB4A /* Debug */ = {
			isa = XCBuildConfiguration;
			buildSettings = {
				ALWAYS_SEARCH_USER_PATHS = NO;
				CLANG_ANALYZER_NONNULL = YES;
				CLANG_ANALYZER_NUMBER_OBJECT_CONVERSION = YES_AGGRESSIVE;
				CLANG_CXX_LANGUAGE_STANDARD = "gnu++14";
				CLANG_CXX_LIBRARY = "libc++";
				CLANG_ENABLE_MODULES = YES;
				CLANG_ENABLE_OBJC_ARC = YES;
				CLANG_ENABLE_OBJC_WEAK = YES;
				CLANG_WARN_BLOCK_CAPTURE_AUTORELEASING = YES;
				CLANG_WARN_BOOL_CONVERSION = YES;
				CLANG_WARN_COMMA = YES;
				CLANG_WARN_CONSTANT_CONVERSION = YES;
				CLANG_WARN_DEPRECATED_OBJC_IMPLEMENTATIONS = YES;
				CLANG_WARN_DIRECT_OBJC_ISA_USAGE = YES_ERROR;
				CLANG_WARN_DOCUMENTATION_COMMENTS = YES;
				CLANG_WARN_EMPTY_BODY = YES;
				CLANG_WARN_ENUM_CONVERSION = YES;
				CLANG_WARN_INFINITE_RECURSION = YES;
				CLANG_WARN_INT_CONVERSION = YES;
				CLANG_WARN_NON_LITERAL_NULL_CONVERSION = YES;
				CLANG_WARN_OBJC_IMPLICIT_RETAIN_SELF = YES;
				CLANG_WARN_OBJC_LITERAL_CONVERSION = YES;
				CLANG_WARN_OBJC_ROOT_CLASS = YES_ERROR;
				CLANG_WARN_RANGE_LOOP_ANALYSIS = YES;
				CLANG_WARN_STRICT_PROTOTYPES = YES;
				CLANG_WARN_SUSPICIOUS_MOVE = YES;
				CLANG_WARN_UNGUARDED_AVAILABILITY = YES_AGGRESSIVE;
				CLANG_WARN_UNREACHABLE_CODE = YES;
				CLANG_WARN__DUPLICATE_METHOD_MATCH = YES;
				COPY_PHASE_STRIP = NO;
				DEBUG_INFORMATION_FORMAT = dwarf;
				ENABLE_STRICT_OBJC_MSGSEND = YES;
				ENABLE_TESTABILITY = YES;
				GCC_C_LANGUAGE_STANDARD = gnu11;
				GCC_DYNAMIC_NO_PIC = NO;
				GCC_NO_COMMON_BLOCKS = YES;
				GCC_OPTIMIZATION_LEVEL = 0;
				GCC_PREPROCESSOR_DEFINITIONS = (
					"DEBUG=1",
					"$(inherited)",
				);
				GCC_WARN_64_TO_32_BIT_CONVERSION = YES;
				GCC_WARN_ABOUT_RETURN_TYPE = YES_ERROR;
				GCC_WARN_UNDECLARED_SELECTOR = YES;
				GCC_WARN_UNINITIALIZED_AUTOS = YES_AGGRESSIVE;
				GCC_WARN_UNUSED_FUNCTION = YES;
				GCC_WARN_UNUSED_VARIABLE = YES;
				MACOSX_DEPLOYMENT_TARGET = 10.15;
				MTL_ENABLE_DEBUG_INFO = INCLUDE_SOURCE;
				MTL_FAST_MATH = YES;
				ONLY_ACTIVE_ARCH = YES;
				SDKROOT = macosx;
			};
			name = Debug;
		};
		06B5A99824324A4B00DDCB4A /* Release */ = {
			isa = XCBuildConfiguration;
			buildSettings = {
				ALWAYS_SEARCH_USER_PATHS = NO;
				CLANG_ANALYZER_NONNULL = YES;
				CLANG_ANALYZER_NUMBER_OBJECT_CONVERSION = YES_AGGRESSIVE;
				CLANG_CXX_LANGUAGE_STANDARD = "gnu++14";
				CLANG_CXX_LIBRARY = "libc++";
				CLANG_ENABLE_MODULES = YES;
				CLANG_ENABLE_OBJC_ARC = YES;
				CLANG_ENABLE_OBJC_WEAK = YES;
				CLANG_WARN_BLOCK_CAPTURE_AUTORELEASING = YES;
				CLANG_WARN_BOOL_CONVERSION = YES;
				CLANG_WARN_COMMA = YES;
				CLANG_WARN_CONSTANT_CONVERSION = YES;
				CLANG_WARN_DEPRECATED_OBJC_IMPLEMENTATIONS = YES;
				CLANG_WARN_DIRECT_OBJC_ISA_USAGE = YES_ERROR;
				CLANG_WARN_DOCUMENTATION_COMMENTS = YES;
				CLANG_WARN_EMPTY_BODY = YES;
				CLANG_WARN_ENUM_CONVERSION = YES;
				CLANG_WARN_INFINITE_RECURSION = YES;
				CLANG_WARN_INT_CONVERSION = YES;
				CLANG_WARN_NON_LITERAL_NULL_CONVERSION = YES;
				CLANG_WARN_OBJC_IMPLICIT_RETAIN_SELF = YES;
				CLANG_WARN_OBJC_LITERAL_CONVERSION = YES;
				CLANG_WARN_OBJC_ROOT_CLASS = YES_ERROR;
				CLANG_WARN_RANGE_LOOP_ANALYSIS = YES;
				CLANG_WARN_STRICT_PROTOTYPES = YES;
				CLANG_WARN_SUSPICIOUS_MOVE = YES;
				CLANG_WARN_UNGUARDED_AVAILABILITY = YES_AGGRESSIVE;
				CLANG_WARN_UNREACHABLE_CODE = YES;
				CLANG_WARN__DUPLICATE_METHOD_MATCH = YES;
				COPY_PHASE_STRIP = NO;
				DEBUG_INFORMATION_FORMAT = "dwarf-with-dsym";
				ENABLE_NS_ASSERTIONS = NO;
				ENABLE_STRICT_OBJC_MSGSEND = YES;
				GCC_C_LANGUAGE_STANDARD = gnu11;
				GCC_NO_COMMON_BLOCKS = YES;
				GCC_WARN_64_TO_32_BIT_CONVERSION = YES;
				GCC_WARN_ABOUT_RETURN_TYPE = YES_ERROR;
				GCC_WARN_UNDECLARED_SELECTOR = YES;
				GCC_WARN_UNINITIALIZED_AUTOS = YES_AGGRESSIVE;
				GCC_WARN_UNUSED_FUNCTION = YES;
				GCC_WARN_UNUSED_VARIABLE = YES;
				MACOSX_DEPLOYMENT_TARGET = 10.15;
				MTL_ENABLE_DEBUG_INFO = NO;
				MTL_FAST_MATH = YES;
				SDKROOT = macosx;
			};
			name = Release;
		};
		06B5A99A24324A4B00DDCB4A /* Debug */ = {
			isa = XCBuildConfiguration;
			buildSettings = {
				CODE_SIGN_STYLE = Automatic;
				PRODUCT_NAME = "$(TARGET_NAME)";
			};
			name = Debug;
		};
		06B5A99B24324A4B00DDCB4A /* Release */ = {
			isa = XCBuildConfiguration;
			buildSettings = {
				CODE_SIGN_STYLE = Automatic;
				PRODUCT_NAME = "$(TARGET_NAME)";
			};
			name = Release;
		};
/* End XCBuildConfiguration section */

/* Begin XCConfigurationList section */
		06B5A98D24324A4B00DDCB4A /* Build configuration list for PBXProject "grafika_2020_hf1" */ = {
			isa = XCConfigurationList;
			buildConfigurations = (
				06B5A99724324A4B00DDCB4A /* Debug */,
				06B5A99824324A4B00DDCB4A /* Release */,
			);
			defaultConfigurationIsVisible = 0;
			defaultConfigurationName = Release;
		};
		06B5A99924324A4B00DDCB4A /* Build configuration list for PBXNativeTarget "grafika_2020_hf1" */ = {
			isa = XCConfigurationList;
			buildConfigurations = (
				06B5A99A24324A4B00DDCB4A /* Debug */,
				06B5A99B24324A4B00DDCB4A /* Release */,
			);
			defaultConfigurationIsVisible = 0;
			defaultConfigurationName = Release;
		};
/* End XCConfigurationList section */
	};
	rootObject = 06B5A98A24324A4B00DDCB4A /* Project object */;
}
